
Microsoft Visual Studio Solution File, Format Version 12.00
# Visual Studio 15
VisualStudioVersion = 15.0.27004.2008
MinimumVisualStudioVersion = 10.0.40219.1
Project("{FAE04EC0-301F-11D3-BF4B-00C04F79EFBC}") = "CSharpHomeCase5_3", "CSharpHomeCase5_3.csproj", "{825B17E4-55D7-4C06-BA18-C5496CC54AB2}"
EndProject
Global
	GlobalSection(SolutionConfigurationPlatforms) = preSolution
		Debug|Any CPU = Debug|Any CPU
		Release|Any CPU = Release|Any CPU
	EndGlobalSection
	GlobalSection(ProjectConfigurationPlatforms) = postSolution
		{825B17E4-55D7-4C06-BA18-C5496CC54AB2}.Debug|Any CPU.ActiveCfg = Debug|Any CPU
		{825B17E4-55D7-4C06-BA18-C5496CC54AB2}.Debug|Any CPU.Build.0 = Debug|Any CPU
		{825B17E4-55D7-4C06-BA18-C5496CC54AB2}.Release|Any CPU.ActiveCfg = Release|Any CPU
		{825B17E4-55D7-4C06-BA18-C5496CC54AB2}.Release|Any CPU.Build.0 = Release|Any CPU
	EndGlobalSection
	GlobalSection(SolutionProperties) = preSolution
		HideSolutionNode = FALSE
	EndGlobalSection
	GlobalSection(ExtensibilityGlobals) = postSolution
		SolutionGuid = {F73580B6-0EB2-41DF-BD62-028355073AB7}
	EndGlobalSection
EndGlobal
